// !$*UTF8*$!
{
	archiveVersion = 1;
	classes = {
	};
	objectVersion = 46;
	objects = {

/* Begin PBXBuildFile section */
		0460BDB21E616D6800990673 /* main.m in Sources */ = {isa = PBXBuildFile; fileRef = 0460BDB11E616D6800990673 /* main.m */; };
		0460BDB51E616D6800990673 /* AppDelegate.m in Sources */ = {isa = PBXBuildFile; fileRef = 0460BDB41E616D6800990673 /* AppDelegate.m */; };
		0460BDB81E616D6800990673 /* ViewController.m in Sources */ = {isa = PBXBuildFile; fileRef = 0460BDB71E616D6800990673 /* ViewController.m */; };
		0460BDBB1E616D6800990673 /* Main.storyboard in Resources */ = {isa = PBXBuildFile; fileRef = 0460BDB91E616D6800990673 /* Main.storyboard */; };
		0460BDBD1E616D6800990673 /* Assets.xcassets in Resources */ = {isa = PBXBuildFile; fileRef = 0460BDBC1E616D6800990673 /* Assets.xcassets */; };
		0460BDC01E616D6800990673 /* LaunchScreen.storyboard in Resources */ = {isa = PBXBuildFile; fileRef = 0460BDBE1E616D6800990673 /* LaunchScreen.storyboard */; };
		0460BDE91E61756E00990673 /* main.m in Sources */ = {isa = PBXBuildFile; fileRef = 0460BDE81E61756E00990673 /* main.m */; };
		0460BDEC1E61756E00990673 /* AppDelegate.m in Sources */ = {isa = PBXBuildFile; fileRef = 0460BDEB1E61756E00990673 /* AppDelegate.m */; };
		0460BDEF1E61756E00990673 /* ViewController.m in Sources */ = {isa = PBXBuildFile; fileRef = 0460BDEE1E61756E00990673 /* ViewController.m */; };
		0460BDF21E61756E00990673 /* Main.storyboard in Resources */ = {isa = PBXBuildFile; fileRef = 0460BDF01E61756E00990673 /* Main.storyboard */; };
		0460BDF41E61756E00990673 /* Assets.xcassets in Resources */ = {isa = PBXBuildFile; fileRef = 0460BDF31E61756E00990673 /* Assets.xcassets */; };
		0460BDF71E61756E00990673 /* LaunchScreen.storyboard in Resources */ = {isa = PBXBuildFile; fileRef = 0460BDF51E61756E00990673 /* LaunchScreen.storyboard */; };
		0484A2A81E67C11600D2D731 /* CSFileHandle.m in Sources */ = {isa = PBXBuildFile; fileRef = 0484A2A51E67C11600D2D731 /* CSFileHandle.m */; };
		0484A2A91E67C11600D2D731 /* CSNetworkCache.m in Sources */ = {isa = PBXBuildFile; fileRef = 0484A2A71E67C11600D2D731 /* CSNetworkCache.m */; };
		0484A2AD1E67CC9400D2D731 /* NSArray+Unicode.m in Sources */ = {isa = PBXBuildFile; fileRef = 0484A2AC1E67CC9400D2D731 /* NSArray+Unicode.m */; };
		0484A2B01E67CCCB00D2D731 /* NSDictionary+Unicode.m in Sources */ = {isa = PBXBuildFile; fileRef = 0484A2AF1E67CCCB00D2D731 /* NSDictionary+Unicode.m */; };
		0484A2B31E67CD5000D2D731 /* NSSet+Unicode.m in Sources */ = {isa = PBXBuildFile; fileRef = 0484A2B21E67CD5000D2D731 /* NSSet+Unicode.m */; };
		04D2C3781E65508F00EA6FCF /* CSURLSessionTool.m in Sources */ = {isa = PBXBuildFile; fileRef = 04D2C3731E65508F00EA6FCF /* CSURLSessionTool.m */; };
		04D2C3791E65508F00EA6FCF /* NSDictionary+URL.m in Sources */ = {isa = PBXBuildFile; fileRef = 04D2C3761E65508F00EA6FCF /* NSDictionary+URL.m */; };
/* End PBXBuildFile section */

/* Begin PBXFileReference section */
		0460BDAD1E616D6800990673 /* CSResourceSet.app */ = {isa = PBXFileReference; explicitFileType = wrapper.application; includeInIndex = 0; path = CSResourceSet.app; sourceTree = BUILT_PRODUCTS_DIR; };
		0460BDB11E616D6800990673 /* main.m */ = {isa = PBXFileReference; lastKnownFileType = sourcecode.c.objc; path = main.m; sourceTree = "<group>"; };
		0460BDB31E616D6800990673 /* AppDelegate.h */ = {isa = PBXFileReference; lastKnownFileType = sourcecode.c.h; path = AppDelegate.h; sourceTree = "<group>"; };
		0460BDB41E616D6800990673 /* AppDelegate.m */ = {isa = PBXFileReference; lastKnownFileType = sourcecode.c.objc; path = AppDelegate.m; sourceTree = "<group>"; };
		0460BDB61E616D6800990673 /* ViewController.h */ = {isa = PBXFileReference; lastKnownFileType = sourcecode.c.h; path = ViewController.h; sourceTree = "<group>"; };
		0460BDB71E616D6800990673 /* ViewController.m */ = {isa = PBXFileReference; lastKnownFileType = sourcecode.c.objc; path = ViewController.m; sourceTree = "<group>"; };
		0460BDBA1E616D6800990673 /* Base */ = {isa = PBXFileReference; lastKnownFileType = file.storyboard; name = Base; path = Base.lproj/Main.storyboard; sourceTree = "<group>"; };
		0460BDBC1E616D6800990673 /* Assets.xcassets */ = {isa = PBXFileReference; lastKnownFileType = folder.assetcatalog; path = Assets.xcassets; sourceTree = "<group>"; };
		0460BDBF1E616D6800990673 /* Base */ = {isa = PBXFileReference; lastKnownFileType = file.storyboard; name = Base; path = Base.lproj/LaunchScreen.storyboard; sourceTree = "<group>"; };
		0460BDC11E616D6800990673 /* Info.plist */ = {isa = PBXFileReference; lastKnownFileType = text.plist.xml; path = Info.plist; sourceTree = "<group>"; };
		0460BDE51E61756E00990673 /* CSNetworkRequestTool.app */ = {isa = PBXFileReference; explicitFileType = wrapper.application; includeInIndex = 0; path = CSNetworkRequestTool.app; sourceTree = BUILT_PRODUCTS_DIR; };
		0460BDE81E61756E00990673 /* main.m */ = {isa = PBXFileReference; lastKnownFileType = sourcecode.c.objc; path = main.m; sourceTree = "<group>"; };
		0460BDEA1E61756E00990673 /* AppDelegate.h */ = {isa = PBXFileReference; lastKnownFileType = sourcecode.c.h; path = AppDelegate.h; sourceTree = "<group>"; };
		0460BDEB1E61756E00990673 /* AppDelegate.m */ = {isa = PBXFileReference; lastKnownFileType = sourcecode.c.objc; path = AppDelegate.m; sourceTree = "<group>"; };
		0460BDED1E61756E00990673 /* ViewController.h */ = {isa = PBXFileReference; lastKnownFileType = sourcecode.c.h; path = ViewController.h; sourceTree = "<group>"; };
		0460BDEE1E61756E00990673 /* ViewController.m */ = {isa = PBXFileReference; lastKnownFileType = sourcecode.c.objc; path = ViewController.m; sourceTree = "<group>"; };
		0460BDF11E61756E00990673 /* Base */ = {isa = PBXFileReference; lastKnownFileType = file.storyboard; name = Base; path = Base.lproj/Main.storyboard; sourceTree = "<group>"; };
		0460BDF31E61756E00990673 /* Assets.xcassets */ = {isa = PBXFileReference; lastKnownFileType = folder.assetcatalog; path = Assets.xcassets; sourceTree = "<group>"; };
		0460BDF61E61756E00990673 /* Base */ = {isa = PBXFileReference; lastKnownFileType = file.storyboard; name = Base; path = Base.lproj/LaunchScreen.storyboard; sourceTree = "<group>"; };
		0460BDF81E61756E00990673 /* Info.plist */ = {isa = PBXFileReference; lastKnownFileType = text.plist.xml; path = Info.plist; sourceTree = "<group>"; };
		0484A2A41E67C11600D2D731 /* CSFileHandle.h */ = {isa = PBXFileReference; fileEncoding = 4; lastKnownFileType = sourcecode.c.h; path = CSFileHandle.h; sourceTree = "<group>"; };
		0484A2A51E67C11600D2D731 /* CSFileHandle.m */ = {isa = PBXFileReference; fileEncoding = 4; lastKnownFileType = sourcecode.c.objc; path = CSFileHandle.m; sourceTree = "<group>"; };
		0484A2A61E67C11600D2D731 /* CSNetworkCache.h */ = {isa = PBXFileReference; fileEncoding = 4; lastKnownFileType = sourcecode.c.h; path = CSNetworkCache.h; sourceTree = "<group>"; };
		0484A2A71E67C11600D2D731 /* CSNetworkCache.m */ = {isa = PBXFileReference; fileEncoding = 4; lastKnownFileType = sourcecode.c.objc; path = CSNetworkCache.m; sourceTree = "<group>"; };
		0484A2AB1E67CC9400D2D731 /* NSArray+Unicode.h */ = {isa = PBXFileReference; fileEncoding = 4; lastKnownFileType = sourcecode.c.h; path = "NSArray+Unicode.h"; sourceTree = "<group>"; };
		0484A2AC1E67CC9400D2D731 /* NSArray+Unicode.m */ = {isa = PBXFileReference; fileEncoding = 4; lastKnownFileType = sourcecode.c.objc; path = "NSArray+Unicode.m"; sourceTree = "<group>"; };
		0484A2AE1E67CCCB00D2D731 /* NSDictionary+Unicode.h */ = {isa = PBXFileReference; fileEncoding = 4; lastKnownFileType = sourcecode.c.h; path = "NSDictionary+Unicode.h"; sourceTree = "<group>"; };
		0484A2AF1E67CCCB00D2D731 /* NSDictionary+Unicode.m */ = {isa = PBXFileReference; fileEncoding = 4; lastKnownFileType = sourcecode.c.objc; path = "NSDictionary+Unicode.m"; sourceTree = "<group>"; };
		0484A2B11E67CD5000D2D731 /* NSSet+Unicode.h */ = {isa = PBXFileReference; fileEncoding = 4; lastKnownFileType = sourcecode.c.h; path = "NSSet+Unicode.h"; sourceTree = "<group>"; };
		0484A2B21E67CD5000D2D731 /* NSSet+Unicode.m */ = {isa = PBXFileReference; fileEncoding = 4; lastKnownFileType = sourcecode.c.objc; path = "NSSet+Unicode.m"; sourceTree = "<group>"; };
		04D2C3721E65508F00EA6FCF /* CSURLSessionTool.h */ = {isa = PBXFileReference; fileEncoding = 4; lastKnownFileType = sourcecode.c.h; path = CSURLSessionTool.h; sourceTree = "<group>"; };
		04D2C3731E65508F00EA6FCF /* CSURLSessionTool.m */ = {isa = PBXFileReference; fileEncoding = 4; lastKnownFileType = sourcecode.c.objc; path = CSURLSessionTool.m; sourceTree = "<group>"; };
		04D2C3741E65508F00EA6FCF /* CSURLSessionToolDelegate.h */ = {isa = PBXFileReference; fileEncoding = 4; lastKnownFileType = sourcecode.c.h; path = CSURLSessionToolDelegate.h; sourceTree = "<group>"; };
		04D2C3751E65508F00EA6FCF /* NSDictionary+URL.h */ = {isa = PBXFileReference; fileEncoding = 4; lastKnownFileType = sourcecode.c.h; path = "NSDictionary+URL.h"; sourceTree = "<group>"; };
		04D2C3761E65508F00EA6FCF /* NSDictionary+URL.m */ = {isa = PBXFileReference; fileEncoding = 4; lastKnownFileType = sourcecode.c.objc; path = "NSDictionary+URL.m"; sourceTree = "<group>"; };
/* End PBXFileReference section */

/* Begin PBXFrameworksBuildPhase section */
		0460BDAA1E616D6800990673 /* Frameworks */ = {
			isa = PBXFrameworksBuildPhase;
			buildActionMask = 2147483647;
			files = (
			);
			runOnlyForDeploymentPostprocessing = 0;
		};
		0460BDE21E61756E00990673 /* Frameworks */ = {
			isa = PBXFrameworksBuildPhase;
			buildActionMask = 2147483647;
			files = (
			);
			runOnlyForDeploymentPostprocessing = 0;
		};
/* End PBXFrameworksBuildPhase section */

/* Begin PBXGroup section */
		0460BDA41E616D6800990673 = {
			isa = PBXGroup;
			children = (
				0460BDAF1E616D6800990673 /* CSResourceSet */,
				0460BDE61E61756E00990673 /* CSNetworkRequestTool */,
				0460BDAE1E616D6800990673 /* Products */,
			);
			sourceTree = "<group>";
		};
		0460BDAE1E616D6800990673 /* Products */ = {
			isa = PBXGroup;
			children = (
				0460BDAD1E616D6800990673 /* CSResourceSet.app */,
				0460BDE51E61756E00990673 /* CSNetworkRequestTool.app */,
			);
			name = Products;
			sourceTree = "<group>";
		};
		0460BDAF1E616D6800990673 /* CSResourceSet */ = {
			isa = PBXGroup;
			children = (
				0460BDB31E616D6800990673 /* AppDelegate.h */,
				0460BDB41E616D6800990673 /* AppDelegate.m */,
				0460BDB61E616D6800990673 /* ViewController.h */,
				0460BDB71E616D6800990673 /* ViewController.m */,
				0460BDB91E616D6800990673 /* Main.storyboard */,
				0460BDBC1E616D6800990673 /* Assets.xcassets */,
				0460BDBE1E616D6800990673 /* LaunchScreen.storyboard */,
				0460BDC11E616D6800990673 /* Info.plist */,
				0460BDB01E616D6800990673 /* Supporting Files */,
			);
			path = CSResourceSet;
			sourceTree = "<group>";
		};
		0460BDB01E616D6800990673 /* Supporting Files */ = {
			isa = PBXGroup;
			children = (
				0460BDB11E616D6800990673 /* main.m */,
			);
			name = "Supporting Files";
			sourceTree = "<group>";
		};
		0460BDE61E61756E00990673 /* CSNetworkRequestTool */ = {
			isa = PBXGroup;
			children = (
				04D2C36E1E65508E00EA6FCF /* CSURLSessionTool */,
				0460BDEA1E61756E00990673 /* AppDelegate.h */,
				0460BDEB1E61756E00990673 /* AppDelegate.m */,
				0460BDED1E61756E00990673 /* ViewController.h */,
				0460BDEE1E61756E00990673 /* ViewController.m */,
				0460BDF01E61756E00990673 /* Main.storyboard */,
				0460BDF31E61756E00990673 /* Assets.xcassets */,
				0460BDF51E61756E00990673 /* LaunchScreen.storyboard */,
				0460BDF81E61756E00990673 /* Info.plist */,
				0460BDE71E61756E00990673 /* Supporting Files */,
			);
			path = CSNetworkRequestTool;
			sourceTree = "<group>";
		};
		0460BDE71E61756E00990673 /* Supporting Files */ = {
			isa = PBXGroup;
			children = (
				0460BDE81E61756E00990673 /* main.m */,
			);
			name = "Supporting Files";
			sourceTree = "<group>";
		};
		0484A2AA1E67CC6E00D2D731 /* Unicode */ = {
			isa = PBXGroup;
			children = (
				0484A2AB1E67CC9400D2D731 /* NSArray+Unicode.h */,
				0484A2AC1E67CC9400D2D731 /* NSArray+Unicode.m */,
				0484A2AE1E67CCCB00D2D731 /* NSDictionary+Unicode.h */,
				0484A2AF1E67CCCB00D2D731 /* NSDictionary+Unicode.m */,
				0484A2B11E67CD5000D2D731 /* NSSet+Unicode.h */,
				0484A2B21E67CD5000D2D731 /* NSSet+Unicode.m */,
			);
			path = Unicode;
			sourceTree = "<group>";
		};
		04D2C36E1E65508E00EA6FCF /* CSURLSessionTool */ = {
			isa = PBXGroup;
			children = (
				0484A2AA1E67CC6E00D2D731 /* Unicode */,
				04D2C36F1E65508E00EA6FCF /* CacheTool */,
				04D2C3721E65508F00EA6FCF /* CSURLSessionTool.h */,
				04D2C3731E65508F00EA6FCF /* CSURLSessionTool.m */,
				04D2C3741E65508F00EA6FCF /* CSURLSessionToolDelegate.h */,
				04D2C3751E65508F00EA6FCF /* NSDictionary+URL.h */,
				04D2C3761E65508F00EA6FCF /* NSDictionary+URL.m */,
			);
			path = CSURLSessionTool;
			sourceTree = "<group>";
		};
		04D2C36F1E65508E00EA6FCF /* CacheTool */ = {
			isa = PBXGroup;
			children = (
				0484A2A41E67C11600D2D731 /* CSFileHandle.h */,
				0484A2A51E67C11600D2D731 /* CSFileHandle.m */,
				0484A2A61E67C11600D2D731 /* CSNetworkCache.h */,
				0484A2A71E67C11600D2D731 /* CSNetworkCache.m */,
			);
			path = CacheTool;
			sourceTree = "<group>";
		};
/* End PBXGroup section */

/* Begin PBXNativeTarget section */
		0460BDAC1E616D6800990673 /* CSResourceSet */ = {
			isa = PBXNativeTarget;
			buildConfigurationList = 0460BDC41E616D6800990673 /* Build configuration list for PBXNativeTarget "CSResourceSet" */;
			buildPhases = (
				0460BDA91E616D6800990673 /* Sources */,
				0460BDAA1E616D6800990673 /* Frameworks */,
				0460BDAB1E616D6800990673 /* Resources */,
			);
			buildRules = (
			);
			dependencies = (
			);
			name = CSResourceSet;
			productName = CSResourceSet;
			productReference = 0460BDAD1E616D6800990673 /* CSResourceSet.app */;
			productType = "com.apple.product-type.application";
		};
		0460BDE41E61756E00990673 /* CSNetworkRequestTool */ = {
			isa = PBXNativeTarget;
			buildConfigurationList = 0460BDF91E61756E00990673 /* Build configuration list for PBXNativeTarget "CSNetworkRequestTool" */;
			buildPhases = (
				0460BDE11E61756E00990673 /* Sources */,
				0460BDE21E61756E00990673 /* Frameworks */,
				0460BDE31E61756E00990673 /* Resources */,
			);
			buildRules = (
			);
			dependencies = (
			);
			name = CSNetworkRequestTool;
			productName = CSNetworkRequestTool;
			productReference = 0460BDE51E61756E00990673 /* CSNetworkRequestTool.app */;
			productType = "com.apple.product-type.application";
		};
/* End PBXNativeTarget section */

/* Begin PBXProject section */
		0460BDA51E616D6800990673 /* Project object */ = {
			isa = PBXProject;
			attributes = {
				LastUpgradeCheck = 0820;
				ORGANIZATIONNAME = mac;
				TargetAttributes = {
					0460BDAC1E616D6800990673 = {
						CreatedOnToolsVersion = 8.2.1;
						DevelopmentTeam = PKZRZ28357;
						ProvisioningStyle = Automatic;
					};
					0460BDE41E61756E00990673 = {
						CreatedOnToolsVersion = 8.2.1;
						DevelopmentTeam = PKZRZ28357;
						ProvisioningStyle = Automatic;
					};
				};
			};
			buildConfigurationList = 0460BDA81E616D6800990673 /* Build configuration list for PBXProject "CSResourceSet" */;
			compatibilityVersion = "Xcode 3.2";
			developmentRegion = English;
			hasScannedForEncodings = 0;
			knownRegions = (
				en,
				Base,
			);
			mainGroup = 0460BDA41E616D6800990673;
			productRefGroup = 0460BDAE1E616D6800990673 /* Products */;
			projectDirPath = "";
			projectRoot = "";
			targets = (
				0460BDAC1E616D6800990673 /* CSResourceSet */,
				0460BDE41E61756E00990673 /* CSNetworkRequestTool */,
			);
		};
/* End PBXProject section */

/* Begin PBXResourcesBuildPhase section */
		0460BDAB1E616D6800990673 /* Resources */ = {
			isa = PBXResourcesBuildPhase;
			buildActionMask = 2147483647;
			files = (
				0460BDC01E616D6800990673 /* LaunchScreen.storyboard in Resources */,
				0460BDBD1E616D6800990673 /* Assets.xcassets in Resources */,
				0460BDBB1E616D6800990673 /* Main.storyboard in Resources */,
			);
			runOnlyForDeploymentPostprocessing = 0;
		};
		0460BDE31E61756E00990673 /* Resources */ = {
			isa = PBXResourcesBuildPhase;
			buildActionMask = 2147483647;
			files = (
				0460BDF71E61756E00990673 /* LaunchScreen.storyboard in Resources */,
				0460BDF41E61756E00990673 /* Assets.xcassets in Resources */,
				0460BDF21E61756E00990673 /* Main.storyboard in Resources */,
			);
			runOnlyForDeploymentPostprocessing = 0;
		};
/* End PBXResourcesBuildPhase section */

/* Begin PBXSourcesBuildPhase section */
		0460BDA91E616D6800990673 /* Sources */ = {
			isa = PBXSourcesBuildPhase;
			buildActionMask = 2147483647;
			files = (
				0460BDB81E616D6800990673 /* ViewController.m in Sources */,
				0460BDB51E616D6800990673 /* AppDelegate.m in Sources */,
				0460BDB21E616D6800990673 /* main.m in Sources */,
			);
			runOnlyForDeploymentPostprocessing = 0;
		};
		0460BDE11E61756E00990673 /* Sources */ = {
			isa = PBXSourcesBuildPhase;
			buildActionMask = 2147483647;
			files = (
				0484A2A81E67C11600D2D731 /* CSFileHandle.m in Sources */,
				0460BDEF1E61756E00990673 /* ViewController.m in Sources */,
				0484A2B01E67CCCB00D2D731 /* NSDictionary+Unicode.m in Sources */,
				04D2C3791E65508F00EA6FCF /* NSDictionary+URL.m in Sources */,
				0460BDEC1E61756E00990673 /* AppDelegate.m in Sources */,
				0460BDE91E61756E00990673 /* main.m in Sources */,
				04D2C3781E65508F00EA6FCF /* CSURLSessionTool.m in Sources */,
				0484A2AD1E67CC9400D2D731 /* NSArray+Unicode.m in Sources */,
				0484A2A91E67C11600D2D731 /* CSNetworkCache.m in Sources */,
				0484A2B31E67CD5000D2D731 /* NSSet+Unicode.m in Sources */,
			);
			runOnlyForDeploymentPostprocessing = 0;
		};
/* End PBXSourcesBuildPhase section */

/* Begin PBXVariantGroup section */
		0460BDB91E616D6800990673 /* Main.storyboard */ = {
			isa = PBXVariantGroup;
			children = (
				0460BDBA1E616D6800990673 /* Base */,
			);
			name = Main.storyboard;
			sourceTree = "<group>";
		};
		0460BDBE1E616D6800990673 /* LaunchScreen.storyboard */ = {
			isa = PBXVariantGroup;
			children = (
				0460BDBF1E616D6800990673 /* Base */,
			);
			name = LaunchScreen.storyboard;
			sourceTree = "<group>";
		};
		0460BDF01E61756E00990673 /* Main.storyboard */ = {
			isa = PBXVariantGroup;
			children = (
				0460BDF11E61756E00990673 /* Base */,
			);
			name = Main.storyboard;
			sourceTree = "<group>";
		};
		0460BDF51E61756E00990673 /* LaunchScreen.storyboard */ = {
			isa = PBXVariantGroup;
			children = (
				0460BDF61E61756E00990673 /* Base */,
			);
			name = LaunchScreen.storyboard;
			sourceTree = "<group>";
		};
/* End PBXVariantGroup section */

/* Begin XCBuildConfiguration section */
		0460BDC21E616D6800990673 /* Debug */ = {
			isa = XCBuildConfiguration;
			buildSettings = {
				ALWAYS_SEARCH_USER_PATHS = NO;
				CLANG_ANALYZER_NONNULL = YES;
				CLANG_CXX_LANGUAGE_STANDARD = "gnu++0x";
				CLANG_CXX_LIBRARY = "libc++";
				CLANG_ENABLE_MODULES = YES;
				CLANG_ENABLE_OBJC_ARC = YES;
				CLANG_WARN_BOOL_CONVERSION = YES;
				CLANG_WARN_CONSTANT_CONVERSION = YES;
				CLANG_WARN_DIRECT_OBJC_ISA_USAGE = YES_ERROR;
				CLANG_WARN_DOCUMENTATION_COMMENTS = YES;
				CLANG_WARN_EMPTY_BODY = YES;
				CLANG_WARN_ENUM_CONVERSION = YES;
				CLANG_WARN_INFINITE_RECURSION = YES;
				CLANG_WARN_INT_CONVERSION = YES;
				CLANG_WARN_OBJC_ROOT_CLASS = YES_ERROR;
				CLANG_WARN_SUSPICIOUS_MOVE = YES;
				CLANG_WARN_UNREACHABLE_CODE = YES;
				CLANG_WARN__DUPLICATE_METHOD_MATCH = YES;
				"CODE_SIGN_IDENTITY[sdk=iphoneos*]" = "iPhone Developer";
				COPY_PHASE_STRIP = NO;
				DEBUG_INFORMATION_FORMAT = dwarf;
				ENABLE_STRICT_OBJC_MSGSEND = YES;
				ENABLE_TESTABILITY = YES;
				GCC_C_LANGUAGE_STANDARD = gnu99;
				GCC_DYNAMIC_NO_PIC = NO;
				GCC_NO_COMMON_BLOCKS = YES;
				GCC_OPTIMIZATION_LEVEL = 0;
				GCC_PREPROCESSOR_DEFINITIONS = (
					"DEBUG=1",
					"$(inherited)",
				);
				GCC_WARN_64_TO_32_BIT_CONVERSION = YES;
				GCC_WARN_ABOUT_RETURN_TYPE = YES_ERROR;
				GCC_WARN_UNDECLARED_SELECTOR = YES;
				GCC_WARN_UNINITIALIZED_AUTOS = YES_AGGRESSIVE;
				GCC_WARN_UNUSED_FUNCTION = YES;
				GCC_WARN_UNUSED_VARIABLE = YES;
				IPHONEOS_DEPLOYMENT_TARGET = 10.2;
				MTL_ENABLE_DEBUG_INFO = YES;
				ONLY_ACTIVE_ARCH = YES;
				SDKROOT = iphoneos;
			};
			name = Debug;
		};
		0460BDC31E616D6800990673 /* Release */ = {
			isa = XCBuildConfiguration;
			buildSettings = {
				ALWAYS_SEARCH_USER_PATHS = NO;
				CLANG_ANALYZER_NONNULL = YES;
				CLANG_CXX_LANGUAGE_STANDARD = "gnu++0x";
				CLANG_CXX_LIBRARY = "libc++";
				CLANG_ENABLE_MODULES = YES;
				CLANG_ENABLE_OBJC_ARC = YES;
				CLANG_WARN_BOOL_CONVERSION = YES;
				CLANG_WARN_CONSTANT_CONVERSION = YES;
				CLANG_WARN_DIRECT_OBJC_ISA_USAGE = YES_ERROR;
				CLANG_WARN_DOCUMENTATION_COMMENTS = YES;
				CLANG_WARN_EMPTY_BODY = YES;
				CLANG_WARN_ENUM_CONVERSION = YES;
				CLANG_WARN_INFINITE_RECURSION = YES;
				CLANG_WARN_INT_CONVERSION = YES;
				CLANG_WARN_OBJC_ROOT_CLASS = YES_ERROR;
				CLANG_WARN_SUSPICIOUS_MOVE = YES;
				CLANG_WARN_UNREACHABLE_CODE = YES;
				CLANG_WARN__DUPLICATE_METHOD_MATCH = YES;
				"CODE_SIGN_IDENTITY[sdk=iphoneos*]" = "iPhone Developer";
				COPY_PHASE_STRIP = NO;
				DEBUG_INFORMATION_FORMAT = "dwarf-with-dsym";
				ENABLE_NS_ASSERTIONS = NO;
				ENABLE_STRICT_OBJC_MSGSEND = YES;
				GCC_C_LANGUAGE_STANDARD = gnu99;
				GCC_NO_COMMON_BLOCKS = YES;
				GCC_WARN_64_TO_32_BIT_CONVERSION = YES;
				GCC_WARN_ABOUT_RETURN_TYPE = YES_ERROR;
				GCC_WARN_UNDECLARED_SELECTOR = YES;
				GCC_WARN_UNINITIALIZED_AUTOS = YES_AGGRESSIVE;
				GCC_WARN_UNUSED_FUNCTION = YES;
				GCC_WARN_UNUSED_VARIABLE = YES;
				IPHONEOS_DEPLOYMENT_TARGET = 10.2;
				MTL_ENABLE_DEBUG_INFO = NO;
				SDKROOT = iphoneos;
				VALIDATE_PRODUCT = YES;
			};
			name = Release;
		};
		0460BDC51E616D6800990673 /* Debug */ = {
			isa = XCBuildConfiguration;
			buildSettings = {
				ASSETCATALOG_COMPILER_APPICON_NAME = AppIcon;
				DEVELOPMENT_TEAM = PKZRZ28357;
				INFOPLIST_FILE = CSResourceSet/Info.plist;
				LD_RUNPATH_SEARCH_PATHS = "$(inherited) @executable_path/Frameworks";
				PRODUCT_BUNDLE_IDENTIFIER = com.Moming.CSResourceSet;
				PRODUCT_NAME = "$(TARGET_NAME)";
			};
			name = Debug;
		};
		0460BDC61E616D6800990673 /* Release */ = {
			isa = XCBuildConfiguration;
			buildSettings = {
				ASSETCATALOG_COMPILER_APPICON_NAME = AppIcon;
				DEVELOPMENT_TEAM = PKZRZ28357;
				INFOPLIST_FILE = CSResourceSet/Info.plist;
				LD_RUNPATH_SEARCH_PATHS = "$(inherited) @executable_path/Frameworks";
				PRODUCT_BUNDLE_IDENTIFIER = com.Moming.CSResourceSet;
				PRODUCT_NAME = "$(TARGET_NAME)";
			};
			name = Release;
		};
		0460BDFA1E61756E00990673 /* Debug */ = {
			isa = XCBuildConfiguration;
			buildSettings = {
				ASSETCATALOG_COMPILER_APPICON_NAME = AppIcon;
				DEVELOPMENT_TEAM = PKZRZ28357;
				INFOPLIST_FILE = CSNetworkRequestTool/Info.plist;
				LD_RUNPATH_SEARCH_PATHS = "$(inherited) @executable_path/Frameworks";
				PRODUCT_BUNDLE_IDENTIFIER = com.Moming.CSNetworkRequestTool;
				PRODUCT_NAME = "$(TARGET_NAME)";
			};
			name = Debug;
		};
		0460BDFB1E61756E00990673 /* Release */ = {
			isa = XCBuildConfiguration;
			buildSettings = {
				ASSETCATALOG_COMPILER_APPICON_NAME = AppIcon;
				DEVELOPMENT_TEAM = PKZRZ28357;
				INFOPLIST_FILE = CSNetworkRequestTool/Info.plist;
				LD_RUNPATH_SEARCH_PATHS = "$(inherited) @executable_path/Frameworks";
				PRODUCT_BUNDLE_IDENTIFIER = com.Moming.CSNetworkRequestTool;
				PRODUCT_NAME = "$(TARGET_NAME)";
			};
			name = Release;
		};
/* End XCBuildConfiguration section */

/* Begin XCConfigurationList section */
		0460BDA81E616D6800990673 /* Build configuration list for PBXProject "CSResourceSet" */ = {
			isa = XCConfigurationList;
			buildConfigurations = (
				0460BDC21E616D6800990673 /* Debug */,
				0460BDC31E616D6800990673 /* Release */,
			);
			defaultConfigurationIsVisible = 0;
			defaultConfigurationName = Release;
		};
		0460BDC41E616D6800990673 /* Build configuration list for PBXNativeTarget "CSResourceSet" */ = {
			isa = XCConfigurationList;
			buildConfigurations = (
				0460BDC51E616D6800990673 /* Debug */,
				0460BDC61E616D6800990673 /* Release */,
			);
			defaultConfigurationIsVisible = 0;
			defaultConfigurationName = Release;
		};
		0460BDF91E61756E00990673 /* Build configuration list for PBXNativeTarget "CSNetworkRequestTool" */ = {
			isa = XCConfigurationList;
			buildConfigurations = (
				0460BDFA1E61756E00990673 /* Debug */,
				0460BDFB1E61756E00990673 /* Release */,
			);
			defaultConfigurationIsVisible = 0;
			defaultConfigurationName = Release;
		};
/* End XCConfigurationList section */
	};
	rootObject = 0460BDA51E616D6800990673 /* Project object */;
}
